
Microsoft Visual Studio Solution File, Format Version 12.00
# Visual Studio 14
VisualStudioVersion = 14.0.25420.1
MinimumVisualStudioVersion = 10.0.40219.1
Project("{9092AA53-FB77-4645-B42D-1CCCA6BD08BD}") = "COMP2068_Lab2", "COMP2068_Lab2\COMP2068_Lab2.njsproj", "{29B245D5-6A21-416E-B887-C6FB6663519F}"
EndProject
Global
	GlobalSection(SolutionConfigurationPlatforms) = preSolution
		Debug|Any CPU = Debug|Any CPU
		Release|Any CPU = Release|Any CPU
	EndGlobalSection
	GlobalSection(ProjectConfigurationPlatforms) = postSolution
		{29B245D5-6A21-416E-B887-C6FB6663519F}.Debug|Any CPU.ActiveCfg = Debug|Any CPU
		{29B245D5-6A21-416E-B887-C6FB6663519F}.Debug|Any CPU.Build.0 = Debug|Any CPU
		{29B245D5-6A21-416E-B887-C6FB6663519F}.Release|Any CPU.ActiveCfg = Release|Any CPU
		{29B245D5-6A21-416E-B887-C6FB6663519F}.Release|Any CPU.Build.0 = Release|Any CPU
	EndGlobalSection
	GlobalSection(SolutionProperties) = preSolution
		HideSolutionNode = FALSE
	EndGlobalSection
EndGlobal
